
Microsoft Visual Studio Solution File, Format Version 12.00
# Visual Studio Version 17
VisualStudioVersion = 17.10.35013.160
MinimumVisualStudioVersion = 10.0.40219.1
Project("{FAE04EC0-301F-11D3-BF4B-00C04F79EFBC}") = "ZUVO(MVC)", "ZUVO(MVC).csproj", "{03A0F03C-57CE-45A2-B4F7-7B3C43CF9638}"
EndProject
Global
	GlobalSection(SolutionConfigurationPlatforms) = preSolution
		Debug|Any CPU = Debug|Any CPU
		Release|Any CPU = Release|Any CPU
	EndGlobalSection
	GlobalSection(ProjectConfigurationPlatforms) = postSolution
		{03A0F03C-57CE-45A2-B4F7-7B3C43CF9638}.Debug|Any CPU.ActiveCfg = Debug|Any CPU
		{03A0F03C-57CE-45A2-B4F7-7B3C43CF9638}.Debug|Any CPU.Build.0 = Debug|Any CPU
		{03A0F03C-57CE-45A2-B4F7-7B3C43CF9638}.Release|Any CPU.ActiveCfg = Release|Any CPU
		{03A0F03C-57CE-45A2-B4F7-7B3C43CF9638}.Release|Any CPU.Build.0 = Release|Any CPU
	EndGlobalSection
	GlobalSection(SolutionProperties) = preSolution
		HideSolutionNode = FALSE
	EndGlobalSection
	GlobalSection(ExtensibilityGlobals) = postSolution
		SolutionGuid = {17705BD8-7195-4B3C-A162-4BE3D92261D1}
	EndGlobalSection
EndGlobal
